
Microsoft Visual Studio Solution File, Format Version 12.00
# Visual Studio Version 16
VisualStudioVersion = 16.0.29424.173
MinimumVisualStudioVersion = 10.0.40219.1
Project("{9A19103F-16F7-4668-BE54-9A1E7A4F7556}") = "API", "API\API.csproj", "{5CF778AD-08C4-40A9-947E-11D86F910486}"
EndProject
Project("{FAE04EC0-301F-11D3-BF4B-00C04F79EFBC}") = "Contracts", "Contracts\Contracts.csproj", "{F9720189-5B05-4989-93D5-AC4E4479F7EB}"
EndProject
Project("{FAE04EC0-301F-11D3-BF4B-00C04F79EFBC}") = "Entities", "Entities\Entities.csproj", "{FD491ABF-C39F-49C4-9060-EAE129451184}"
EndProject
Project("{FAE04EC0-301F-11D3-BF4B-00C04F79EFBC}") = "LoggerService", "LoggerService\LoggerService.csproj", "{B4723C2A-B2E3-4DE1-ABF1-979643F7D37E}"
EndProject
Project("{FAE04EC0-301F-11D3-BF4B-00C04F79EFBC}") = "Repository", "Repository\Repository.csproj", "{20A0ED1C-030F-4913-955B-EB5DF1B976FB}"
EndProject
Global
	GlobalSection(SolutionConfigurationPlatforms) = preSolution
		Debug|Any CPU = Debug|Any CPU
		Release|Any CPU = Release|Any CPU
	EndGlobalSection
	GlobalSection(ProjectConfigurationPlatforms) = postSolution
		{5CF778AD-08C4-40A9-947E-11D86F910486}.Debug|Any CPU.ActiveCfg = Debug|Any CPU
		{5CF778AD-08C4-40A9-947E-11D86F910486}.Debug|Any CPU.Build.0 = Debug|Any CPU
		{5CF778AD-08C4-40A9-947E-11D86F910486}.Release|Any CPU.ActiveCfg = Release|Any CPU
		{5CF778AD-08C4-40A9-947E-11D86F910486}.Release|Any CPU.Build.0 = Release|Any CPU
		{F9720189-5B05-4989-93D5-AC4E4479F7EB}.Debug|Any CPU.ActiveCfg = Debug|Any CPU
		{F9720189-5B05-4989-93D5-AC4E4479F7EB}.Debug|Any CPU.Build.0 = Debug|Any CPU
		{F9720189-5B05-4989-93D5-AC4E4479F7EB}.Release|Any CPU.ActiveCfg = Release|Any CPU
		{F9720189-5B05-4989-93D5-AC4E4479F7EB}.Release|Any CPU.Build.0 = Release|Any CPU
		{FD491ABF-C39F-49C4-9060-EAE129451184}.Debug|Any CPU.ActiveCfg = Debug|Any CPU
		{FD491ABF-C39F-49C4-9060-EAE129451184}.Debug|Any CPU.Build.0 = Debug|Any CPU
		{FD491ABF-C39F-49C4-9060-EAE129451184}.Release|Any CPU.ActiveCfg = Release|Any CPU
		{FD491ABF-C39F-49C4-9060-EAE129451184}.Release|Any CPU.Build.0 = Release|Any CPU
		{B4723C2A-B2E3-4DE1-ABF1-979643F7D37E}.Debug|Any CPU.ActiveCfg = Debug|Any CPU
		{B4723C2A-B2E3-4DE1-ABF1-979643F7D37E}.Debug|Any CPU.Build.0 = Debug|Any CPU
		{B4723C2A-B2E3-4DE1-ABF1-979643F7D37E}.Release|Any CPU.ActiveCfg = Release|Any CPU
		{B4723C2A-B2E3-4DE1-ABF1-979643F7D37E}.Release|Any CPU.Build.0 = Release|Any CPU
		{20A0ED1C-030F-4913-955B-EB5DF1B976FB}.Debug|Any CPU.ActiveCfg = Debug|Any CPU
		{20A0ED1C-030F-4913-955B-EB5DF1B976FB}.Debug|Any CPU.Build.0 = Debug|Any CPU
		{20A0ED1C-030F-4913-955B-EB5DF1B976FB}.Release|Any CPU.ActiveCfg = Release|Any CPU
		{20A0ED1C-030F-4913-955B-EB5DF1B976FB}.Release|Any CPU.Build.0 = Release|Any CPU
	EndGlobalSection
	GlobalSection(SolutionProperties) = preSolution
		HideSolutionNode = FALSE
	EndGlobalSection
	GlobalSection(ExtensibilityGlobals) = postSolution
		SolutionGuid = {E8C873B1-CC65-404B-915E-D9F47DCCCC01}
	EndGlobalSection
EndGlobal
